
Microsoft Visual Studio Solution File, Format Version 12.00
# Visual Studio Version 17
VisualStudioVersion = 17.7.34031.279
MinimumVisualStudioVersion = 10.0.40219.1
Project("{FAE04EC0-301F-11D3-BF4B-00C04F79EFBC}") = "Entity Framework Hello World", "Entity Framework Hello World\Entity Framework Hello World.csproj", "{6AC80FBC-E543-471B-9D15-96748D26888C}"
EndProject
Global
	GlobalSection(SolutionConfigurationPlatforms) = preSolution
		Debug|Any CPU = Debug|Any CPU
		Release|Any CPU = Release|Any CPU
	EndGlobalSection
	GlobalSection(ProjectConfigurationPlatforms) = postSolution
		{6AC80FBC-E543-471B-9D15-96748D26888C}.Debug|Any CPU.ActiveCfg = Debug|Any CPU
		{6AC80FBC-E543-471B-9D15-96748D26888C}.Debug|Any CPU.Build.0 = Debug|Any CPU
		{6AC80FBC-E543-471B-9D15-96748D26888C}.Release|Any CPU.ActiveCfg = Release|Any CPU
		{6AC80FBC-E543-471B-9D15-96748D26888C}.Release|Any CPU.Build.0 = Release|Any CPU
	EndGlobalSection
	GlobalSection(SolutionProperties) = preSolution
		HideSolutionNode = FALSE
	EndGlobalSection
	GlobalSection(ExtensibilityGlobals) = postSolution
		SolutionGuid = {66CAF903-0CB8-4941-AE84-C720946C28B6}
	EndGlobalSection
EndGlobal
